
Microsoft Visual Studio Solution File, Format Version 10.00
# Visual Studio 2008
Project("{8BC9CEB8-8B4A-11D0-8D11-00A0C91BC942}") = "二叉树oj练习2", "二叉树oj练习2\二叉树oj练习2.vcproj", "{4DD15EA6-3B70-4C6D-B86B-F0B08A271518}"
EndProject
Global
	GlobalSection(SolutionConfigurationPlatforms) = preSolution
		Debug|Win32 = Debug|Win32
		Release|Win32 = Release|Win32
	EndGlobalSection
	GlobalSection(ProjectConfigurationPlatforms) = postSolution
		{4DD15EA6-3B70-4C6D-B86B-F0B08A271518}.Debug|Win32.ActiveCfg = Debug|Win32
		{4DD15EA6-3B70-4C6D-B86B-F0B08A271518}.Debug|Win32.Build.0 = Debug|Win32
		{4DD15EA6-3B70-4C6D-B86B-F0B08A271518}.Release|Win32.ActiveCfg = Release|Win32
		{4DD15EA6-3B70-4C6D-B86B-F0B08A271518}.Release|Win32.Build.0 = Release|Win32
	EndGlobalSection
	GlobalSection(SolutionProperties) = preSolution
		HideSolutionNode = FALSE
	EndGlobalSection
EndGlobal
